
Microsoft Visual Studio Solution File, Format Version 12.00
# Visual Studio Version 17
VisualStudioVersion = 17.6.33723.286
MinimumVisualStudioVersion = 10.0.40219.1
Project("{9A19103F-16F7-4668-BE54-9A1E7A4F7556}") = "Prueba_tecnica_amaris", "Prueba_tecnica_amaris\Prueba_tecnica_amaris.csproj", "{9C32BE88-BB07-4BC8-97F0-45C6A0830066}"
EndProject
Project("{FAE04EC0-301F-11D3-BF4B-00C04F79EFBC}") = "Prueba_tecnica_Testunitaria", "Prueba_tecnica_Testunitaria\Prueba_tecnica_Testunitaria.csproj", "{3C17AA23-996E-4885-9890-0CD3D09BAE71}"
EndProject
Global
	GlobalSection(SolutionConfigurationPlatforms) = preSolution
		Debug|Any CPU = Debug|Any CPU
		Release|Any CPU = Release|Any CPU
	EndGlobalSection
	GlobalSection(ProjectConfigurationPlatforms) = postSolution
		{9C32BE88-BB07-4BC8-97F0-45C6A0830066}.Debug|Any CPU.ActiveCfg = Debug|Any CPU
		{9C32BE88-BB07-4BC8-97F0-45C6A0830066}.Debug|Any CPU.Build.0 = Debug|Any CPU
		{9C32BE88-BB07-4BC8-97F0-45C6A0830066}.Release|Any CPU.ActiveCfg = Release|Any CPU
		{9C32BE88-BB07-4BC8-97F0-45C6A0830066}.Release|Any CPU.Build.0 = Release|Any CPU
		{3C17AA23-996E-4885-9890-0CD3D09BAE71}.Debug|Any CPU.ActiveCfg = Debug|Any CPU
		{3C17AA23-996E-4885-9890-0CD3D09BAE71}.Debug|Any CPU.Build.0 = Debug|Any CPU
		{3C17AA23-996E-4885-9890-0CD3D09BAE71}.Release|Any CPU.ActiveCfg = Release|Any CPU
		{3C17AA23-996E-4885-9890-0CD3D09BAE71}.Release|Any CPU.Build.0 = Release|Any CPU
	EndGlobalSection
	GlobalSection(SolutionProperties) = preSolution
		HideSolutionNode = FALSE
	EndGlobalSection
	GlobalSection(ExtensibilityGlobals) = postSolution
		SolutionGuid = {972BBCC6-9FAE-4F47-BFCB-BF100F863470}
	EndGlobalSection
EndGlobal
